
Microsoft Visual Studio Solution File, Format Version 12.00
# Visual Studio Version 17
VisualStudioVersion = 17.4.33205.214
MinimumVisualStudioVersion = 10.0.40219.1
Project("{FAE04EC0-301F-11D3-BF4B-00C04F79EFBC}") = "Doctor", "Doctor.csproj", "{B848EDF2-4C04-4B58-B324-CECA9CF4A594}"
EndProject
Global
	GlobalSection(SolutionConfigurationPlatforms) = preSolution
		Debug|Any CPU = Debug|Any CPU
		Release|Any CPU = Release|Any CPU
	EndGlobalSection
	GlobalSection(ProjectConfigurationPlatforms) = postSolution
		{B848EDF2-4C04-4B58-B324-CECA9CF4A594}.Debug|Any CPU.ActiveCfg = Debug|Any CPU
		{B848EDF2-4C04-4B58-B324-CECA9CF4A594}.Debug|Any CPU.Build.0 = Debug|Any CPU
		{B848EDF2-4C04-4B58-B324-CECA9CF4A594}.Release|Any CPU.ActiveCfg = Release|Any CPU
		{B848EDF2-4C04-4B58-B324-CECA9CF4A594}.Release|Any CPU.Build.0 = Release|Any CPU
	EndGlobalSection
	GlobalSection(SolutionProperties) = preSolution
		HideSolutionNode = FALSE
	EndGlobalSection
	GlobalSection(ExtensibilityGlobals) = postSolution
		SolutionGuid = {FA8BA8CB-2953-40BD-BE88-33F11FCBCD0A}
	EndGlobalSection
EndGlobal
